
Microsoft Visual Studio Solution File, Format Version 12.00
# Visual Studio 15
VisualStudioVersion = 15.0.25807.0
MinimumVisualStudioVersion = 10.0.40219.1
Project("{2150E333-8FDC-42A3-9474-1A3956D46DE8}") = "Engine", "Engine", "{65707E36-1450-481B-AC89-8F1984E48817}"
EndProject
Project("{2150E333-8FDC-42A3-9474-1A3956D46DE8}") = "Games", "Games", "{2CC5B91B-19C0-409F-8161-3449D0794326}"
EndProject
Project("{8BC9CEB8-8B4A-11D0-8D11-00A0C91BC942}") = "EscapeTheBuilding", "Intermediate\ProjectFiles\EscapeTheBuilding.vcxproj", "{D4DB46D4-4449-437B-A494-2F69CAD1054F}"
EndProject
Project("{8BC9CEB8-8B4A-11D0-8D11-00A0C91BC942}") = "UE4", "Intermediate\ProjectFiles\UE4.vcxproj", "{17C99B51-22A8-4465-AC74-3D44DEFF6549}"
EndProject
Project("{2150E333-8FDC-42A3-9474-1A3956D46DE8}") = "Visualizers", "Visualizers", "{571CE7EC-5BDD-4E71-B966-69B09BF5B67A}"
	ProjectSection(SolutionItems) = preProject
		..\..\..\..\Program Files\Epic Games\UE_4.21\Engine\Extras\VisualStudioDebugging\UE4.natvis = ..\..\..\..\Program Files\Epic Games\UE_4.21\Engine\Extras\VisualStudioDebugging\UE4.natvis
	EndProjectSection
EndProject
Global
	GlobalSection(SolutionConfigurationPlatforms) = preSolution
		DebugGame Editor|HTML5 = DebugGame Editor|HTML5
		DebugGame Editor|Win32 = DebugGame Editor|Win32
		DebugGame Editor|Win64 = DebugGame Editor|Win64
		DebugGame|HTML5 = DebugGame|HTML5
		DebugGame|Win32 = DebugGame|Win32
		DebugGame|Win64 = DebugGame|Win64
		Development Editor|HTML5 = Development Editor|HTML5
		Development Editor|Win32 = Development Editor|Win32
		Development Editor|Win64 = Development Editor|Win64
		Development|HTML5 = Development|HTML5
		Development|Win32 = Development|Win32
		Development|Win64 = Development|Win64
		Shipping|HTML5 = Shipping|HTML5
		Shipping|Win32 = Shipping|Win32
		Shipping|Win64 = Shipping|Win64
	EndGlobalSection
	GlobalSection(ProjectConfigurationPlatforms) = postSolution
		{D4DB46D4-4449-437B-A494-2F69CAD1054F}.DebugGame Editor|HTML5.ActiveCfg = Invalid|Win32
		{D4DB46D4-4449-437B-A494-2F69CAD1054F}.DebugGame Editor|Win32.ActiveCfg = Invalid|Win32
		{D4DB46D4-4449-437B-A494-2F69CAD1054F}.DebugGame Editor|Win64.ActiveCfg = DebugGame_Editor|x64
		{D4DB46D4-4449-437B-A494-2F69CAD1054F}.DebugGame Editor|Win64.Build.0 = DebugGame_Editor|x64
		{D4DB46D4-4449-437B-A494-2F69CAD1054F}.DebugGame|HTML5.ActiveCfg = HTML5_DebugGame|Win32
		{D4DB46D4-4449-437B-A494-2F69CAD1054F}.DebugGame|HTML5.Build.0 = HTML5_DebugGame|Win32
		{D4DB46D4-4449-437B-A494-2F69CAD1054F}.DebugGame|Win32.ActiveCfg = DebugGame|Win32
		{D4DB46D4-4449-437B-A494-2F69CAD1054F}.DebugGame|Win32.Build.0 = DebugGame|Win32
		{D4DB46D4-4449-437B-A494-2F69CAD1054F}.DebugGame|Win64.ActiveCfg = DebugGame|x64
		{D4DB46D4-4449-437B-A494-2F69CAD1054F}.DebugGame|Win64.Build.0 = DebugGame|x64
		{D4DB46D4-4449-437B-A494-2F69CAD1054F}.Development Editor|HTML5.ActiveCfg = Invalid|Win32
		{D4DB46D4-4449-437B-A494-2F69CAD1054F}.Development Editor|Win32.ActiveCfg = Invalid|Win32
		{D4DB46D4-4449-437B-A494-2F69CAD1054F}.Development Editor|Win64.ActiveCfg = Development_Editor|x64
		{D4DB46D4-4449-437B-A494-2F69CAD1054F}.Development Editor|Win64.Build.0 = Development_Editor|x64
		{D4DB46D4-4449-437B-A494-2F69CAD1054F}.Development|HTML5.ActiveCfg = HTML5_Development|Win32
		{D4DB46D4-4449-437B-A494-2F69CAD1054F}.Development|HTML5.Build.0 = HTML5_Development|Win32
		{D4DB46D4-4449-437B-A494-2F69CAD1054F}.Development|Win32.ActiveCfg = Development|Win32
		{D4DB46D4-4449-437B-A494-2F69CAD1054F}.Development|Win32.Build.0 = Development|Win32
		{D4DB46D4-4449-437B-A494-2F69CAD1054F}.Development|Win64.ActiveCfg = Development|x64
		{D4DB46D4-4449-437B-A494-2F69CAD1054F}.Development|Win64.Build.0 = Development|x64
		{D4DB46D4-4449-437B-A494-2F69CAD1054F}.Shipping|HTML5.ActiveCfg = HTML5_Shipping|Win32
		{D4DB46D4-4449-437B-A494-2F69CAD1054F}.Shipping|HTML5.Build.0 = HTML5_Shipping|Win32
		{D4DB46D4-4449-437B-A494-2F69CAD1054F}.Shipping|Win32.ActiveCfg = Shipping|Win32
		{D4DB46D4-4449-437B-A494-2F69CAD1054F}.Shipping|Win32.Build.0 = Shipping|Win32
		{D4DB46D4-4449-437B-A494-2F69CAD1054F}.Shipping|Win64.ActiveCfg = Shipping|x64
		{D4DB46D4-4449-437B-A494-2F69CAD1054F}.Shipping|Win64.Build.0 = Shipping|x64
		{17C99B51-22A8-4465-AC74-3D44DEFF6549}.DebugGame Editor|HTML5.ActiveCfg = BuiltWithUnrealBuildTool|Win32
		{17C99B51-22A8-4465-AC74-3D44DEFF6549}.DebugGame Editor|Win32.ActiveCfg = BuiltWithUnrealBuildTool|Win32
		{17C99B51-22A8-4465-AC74-3D44DEFF6549}.DebugGame Editor|Win64.ActiveCfg = BuiltWithUnrealBuildTool|Win32
		{17C99B51-22A8-4465-AC74-3D44DEFF6549}.DebugGame|HTML5.ActiveCfg = BuiltWithUnrealBuildTool|Win32
		{17C99B51-22A8-4465-AC74-3D44DEFF6549}.DebugGame|Win32.ActiveCfg = BuiltWithUnrealBuildTool|Win32
		{17C99B51-22A8-4465-AC74-3D44DEFF6549}.DebugGame|Win64.ActiveCfg = BuiltWithUnrealBuildTool|Win32
		{17C99B51-22A8-4465-AC74-3D44DEFF6549}.Development Editor|HTML5.ActiveCfg = BuiltWithUnrealBuildTool|Win32
		{17C99B51-22A8-4465-AC74-3D44DEFF6549}.Development Editor|Win32.ActiveCfg = BuiltWithUnrealBuildTool|Win32
		{17C99B51-22A8-4465-AC74-3D44DEFF6549}.Development Editor|Win64.ActiveCfg = BuiltWithUnrealBuildTool|Win32
		{17C99B51-22A8-4465-AC74-3D44DEFF6549}.Development|HTML5.ActiveCfg = BuiltWithUnrealBuildTool|Win32
		{17C99B51-22A8-4465-AC74-3D44DEFF6549}.Development|Win32.ActiveCfg = BuiltWithUnrealBuildTool|Win32
		{17C99B51-22A8-4465-AC74-3D44DEFF6549}.Development|Win64.ActiveCfg = BuiltWithUnrealBuildTool|Win32
		{17C99B51-22A8-4465-AC74-3D44DEFF6549}.Shipping|HTML5.ActiveCfg = BuiltWithUnrealBuildTool|Win32
		{17C99B51-22A8-4465-AC74-3D44DEFF6549}.Shipping|Win32.ActiveCfg = BuiltWithUnrealBuildTool|Win32
		{17C99B51-22A8-4465-AC74-3D44DEFF6549}.Shipping|Win64.ActiveCfg = BuiltWithUnrealBuildTool|Win32
	EndGlobalSection
	GlobalSection(SolutionProperties) = preSolution
		HideSolutionNode = FALSE
	EndGlobalSection
	GlobalSection(NestedProjects) = preSolution
		{17C99B51-22A8-4465-AC74-3D44DEFF6549} = {65707E36-1450-481B-AC89-8F1984E48817}
		{D4DB46D4-4449-437B-A494-2F69CAD1054F} = {2CC5B91B-19C0-409F-8161-3449D0794326}
	EndGlobalSection
EndGlobal
